
Microsoft Visual Studio Solution File, Format Version 12.00
# Visual Studio Version 17
VisualStudioVersion = 17.0.31903.59
MinimumVisualStudioVersion = 10.0.40219.1
Project("{2150E333-8FDC-42A3-9474-1A3956D46DE8}") = "src", "src", "{827E0CD3-B72D-47B6-A68D-7590B98EB39B}"
EndProject
Project("{FAE04EC0-301F-11D3-BF4B-00C04F79EFBC}") = "Testman.Core", "src\Testman.Core\Testman.Core.csproj", "{ECDB8942-5C56-40C1-AD53-E402DADE9E81}"
EndProject
Project("{2150E333-8FDC-42A3-9474-1A3956D46DE8}") = "tests", "tests", "{0AB3BF05-4346-4AA6-1389-037BE0695223}"
EndProject
Project("{FAE04EC0-301F-11D3-BF4B-00C04F79EFBC}") = "Testman.Core.Tests", "tests\Testman.Core.Tests\Testman.Core.Tests.csproj", "{BE03817B-E6C2-4AD9-A0B0-48F53B01633F}"
EndProject
Project("{FAE04EC0-301F-11D3-BF4B-00C04F79EFBC}") = "Testman.Web", "src\Testman.Web\Testman.Web.csproj", "{95E6BC6C-28DF-45E1-9C9E-CE545A68222F}"
EndProject
Project("{FAE04EC0-301F-11D3-BF4B-00C04F79EFBC}") = "Testman.Web.Tests", "tests\Testman.Web.Tests\Testman.Web.Tests.csproj", "{6546F0CA-ED34-4BB1-9D32-11D0A6204376}"
EndProject
Global
	GlobalSection(SolutionConfigurationPlatforms) = preSolution
		Debug|Any CPU = Debug|Any CPU
		Debug|x64 = Debug|x64
		Debug|x86 = Debug|x86
		Release|Any CPU = Release|Any CPU
		Release|x64 = Release|x64
		Release|x86 = Release|x86
	EndGlobalSection
	GlobalSection(ProjectConfigurationPlatforms) = postSolution
		{ECDB8942-5C56-40C1-AD53-E402DADE9E81}.Debug|Any CPU.ActiveCfg = Debug|Any CPU
		{ECDB8942-5C56-40C1-AD53-E402DADE9E81}.Debug|Any CPU.Build.0 = Debug|Any CPU
		{ECDB8942-5C56-40C1-AD53-E402DADE9E81}.Debug|x64.ActiveCfg = Debug|Any CPU
		{ECDB8942-5C56-40C1-AD53-E402DADE9E81}.Debug|x64.Build.0 = Debug|Any CPU
		{ECDB8942-5C56-40C1-AD53-E402DADE9E81}.Debug|x86.ActiveCfg = Debug|Any CPU
		{ECDB8942-5C56-40C1-AD53-E402DADE9E81}.Debug|x86.Build.0 = Debug|Any CPU
		{ECDB8942-5C56-40C1-AD53-E402DADE9E81}.Release|Any CPU.ActiveCfg = Release|Any CPU
		{ECDB8942-5C56-40C1-AD53-E402DADE9E81}.Release|Any CPU.Build.0 = Release|Any CPU
		{ECDB8942-5C56-40C1-AD53-E402DADE9E81}.Release|x64.ActiveCfg = Release|Any CPU
		{ECDB8942-5C56-40C1-AD53-E402DADE9E81}.Release|x64.Build.0 = Release|Any CPU
		{ECDB8942-5C56-40C1-AD53-E402DADE9E81}.Release|x86.ActiveCfg = Release|Any CPU
		{ECDB8942-5C56-40C1-AD53-E402DADE9E81}.Release|x86.Build.0 = Release|Any CPU
		{BE03817B-E6C2-4AD9-A0B0-48F53B01633F}.Debug|Any CPU.ActiveCfg = Debug|Any CPU
		{BE03817B-E6C2-4AD9-A0B0-48F53B01633F}.Debug|Any CPU.Build.0 = Debug|Any CPU
		{BE03817B-E6C2-4AD9-A0B0-48F53B01633F}.Debug|x64.ActiveCfg = Debug|Any CPU
		{BE03817B-E6C2-4AD9-A0B0-48F53B01633F}.Debug|x64.Build.0 = Debug|Any CPU
		{BE03817B-E6C2-4AD9-A0B0-48F53B01633F}.Debug|x86.ActiveCfg = Debug|Any CPU
		{BE03817B-E6C2-4AD9-A0B0-48F53B01633F}.Debug|x86.Build.0 = Debug|Any CPU
		{BE03817B-E6C2-4AD9-A0B0-48F53B01633F}.Release|Any CPU.ActiveCfg = Release|Any CPU
		{BE03817B-E6C2-4AD9-A0B0-48F53B01633F}.Release|Any CPU.Build.0 = Release|Any CPU
		{BE03817B-E6C2-4AD9-A0B0-48F53B01633F}.Release|x64.ActiveCfg = Release|Any CPU
		{BE03817B-E6C2-4AD9-A0B0-48F53B01633F}.Release|x64.Build.0 = Release|Any CPU
		{BE03817B-E6C2-4AD9-A0B0-48F53B01633F}.Release|x86.ActiveCfg = Release|Any CPU
		{BE03817B-E6C2-4AD9-A0B0-48F53B01633F}.Release|x86.Build.0 = Release|Any CPU
		{95E6BC6C-28DF-45E1-9C9E-CE545A68222F}.Debug|Any CPU.ActiveCfg = Debug|Any CPU
		{95E6BC6C-28DF-45E1-9C9E-CE545A68222F}.Debug|Any CPU.Build.0 = Debug|Any CPU
		{95E6BC6C-28DF-45E1-9C9E-CE545A68222F}.Debug|x64.ActiveCfg = Debug|Any CPU
		{95E6BC6C-28DF-45E1-9C9E-CE545A68222F}.Debug|x64.Build.0 = Debug|Any CPU
		{95E6BC6C-28DF-45E1-9C9E-CE545A68222F}.Debug|x86.ActiveCfg = Debug|Any CPU
		{95E6BC6C-28DF-45E1-9C9E-CE545A68222F}.Debug|x86.Build.0 = Debug|Any CPU
		{95E6BC6C-28DF-45E1-9C9E-CE545A68222F}.Release|Any CPU.ActiveCfg = Release|Any CPU
		{95E6BC6C-28DF-45E1-9C9E-CE545A68222F}.Release|Any CPU.Build.0 = Release|Any CPU
		{95E6BC6C-28DF-45E1-9C9E-CE545A68222F}.Release|x64.ActiveCfg = Release|Any CPU
		{95E6BC6C-28DF-45E1-9C9E-CE545A68222F}.Release|x64.Build.0 = Release|Any CPU
		{95E6BC6C-28DF-45E1-9C9E-CE545A68222F}.Release|x86.ActiveCfg = Release|Any CPU
		{95E6BC6C-28DF-45E1-9C9E-CE545A68222F}.Release|x86.Build.0 = Release|Any CPU
		{6546F0CA-ED34-4BB1-9D32-11D0A6204376}.Debug|Any CPU.ActiveCfg = Debug|Any CPU
		{6546F0CA-ED34-4BB1-9D32-11D0A6204376}.Debug|Any CPU.Build.0 = Debug|Any CPU
		{6546F0CA-ED34-4BB1-9D32-11D0A6204376}.Debug|x64.ActiveCfg = Debug|Any CPU
		{6546F0CA-ED34-4BB1-9D32-11D0A6204376}.Debug|x64.Build.0 = Debug|Any CPU
		{6546F0CA-ED34-4BB1-9D32-11D0A6204376}.Debug|x86.ActiveCfg = Debug|Any CPU
		{6546F0CA-ED34-4BB1-9D32-11D0A6204376}.Debug|x86.Build.0 = Debug|Any CPU
		{6546F0CA-ED34-4BB1-9D32-11D0A6204376}.Release|Any CPU.ActiveCfg = Release|Any CPU
		{6546F0CA-ED34-4BB1-9D32-11D0A6204376}.Release|Any CPU.Build.0 = Release|Any CPU
		{6546F0CA-ED34-4BB1-9D32-11D0A6204376}.Release|x64.ActiveCfg = Release|Any CPU
		{6546F0CA-ED34-4BB1-9D32-11D0A6204376}.Release|x64.Build.0 = Release|Any CPU
		{6546F0CA-ED34-4BB1-9D32-11D0A6204376}.Release|x86.ActiveCfg = Release|Any CPU
		{6546F0CA-ED34-4BB1-9D32-11D0A6204376}.Release|x86.Build.0 = Release|Any CPU
	EndGlobalSection
	GlobalSection(SolutionProperties) = preSolution
		HideSolutionNode = FALSE
	EndGlobalSection
	GlobalSection(NestedProjects) = preSolution
		{ECDB8942-5C56-40C1-AD53-E402DADE9E81} = {827E0CD3-B72D-47B6-A68D-7590B98EB39B}
		{BE03817B-E6C2-4AD9-A0B0-48F53B01633F} = {0AB3BF05-4346-4AA6-1389-037BE0695223}
		{95E6BC6C-28DF-45E1-9C9E-CE545A68222F} = {827E0CD3-B72D-47B6-A68D-7590B98EB39B}
		{6546F0CA-ED34-4BB1-9D32-11D0A6204376} = {0AB3BF05-4346-4AA6-1389-037BE0695223}
	EndGlobalSection
EndGlobal
